{
  "requires": true,
  "lockfileVersion": 1,
  "dependencies": {
    "@fluentui/date-time-utilities": {
      "version": "8.2.3",
      "resolved": "https://registry.npmjs.org/@fluentui/date-time-utilities/-/date-time-utilities-8.2.3.tgz",
      "integrity": "sha512-lbXaKXpeWymzGk3YNwT3hUPfUSnYO3x6wS2Rj3ySzDY6OkMLOBBV6UVa2uRVRXCio5GcJyMo9Wtgv77gmHl2fQ==",
      "requires": {
        "@fluentui/set-version": "^8.1.5",
        "tslib": "^2.1.0"
      }
    },
    "@fluentui/dom-utilities": {
      "version": "2.1.5",
      "resolved": "https://registry.npmjs.org/@fluentui/dom-utilities/-/dom-utilities-2.1.5.tgz",
      "integrity": "sha512-OLDYV5ZGIiK/JXx/DFFib4vSa7PELvznbdAujDcX2wjt3V3Lt2N5ucv59JsVxk5LlwXjasUHJI2NZadagmnM6A==",
      "requires": {
        "@fluentui/set-version": "^8.1.5",
        "tslib": "^2.1.0"
      }
    },
    "@fluentui/font-icons-mdl2": {
      "version": "8.1.18",
      "resolved": "https://registry.npmjs.org/@fluentui/font-icons-mdl2/-/font-icons-mdl2-8.1.18.tgz",
      "integrity": "sha512-P+ov4lrQU5BQqAMeh0u21PNt+qIMNQ3YK0+C61a+xcHWFKpGki/Inz3bilsd90iRgSOLFBVXjnpAFOp2yBYkCw==",
      "requires": {
        "@fluentui/set-version": "^8.1.5",
        "@fluentui/style-utilities": "^8.5.0",
        "tslib": "^2.1.0"
      }
    },
    "@fluentui/foundation-legacy": {
      "version": "8.1.17",
      "resolved": "https://registry.npmjs.org/@fluentui/foundation-legacy/-/foundation-legacy-8.1.17.tgz",
      "integrity": "sha512-XzcoK4l6x+IHmXkqbZsRXtwrI8MLOYzXuXE1rQxsOoehh0V/zBjUs+7qfln1IpVIyQHtx+uKBPRCsGMGSWlblw==",
      "requires": {
        "@fluentui/merge-styles": "^8.2.2",
        "@fluentui/set-version": "^8.1.5",
        "@fluentui/style-utilities": "^8.5.0",
        "@fluentui/utilities": "^8.3.7",
        "tslib": "^2.1.0"
      }
    },
    "@fluentui/keyboard-key": {
      "version": "0.3.5",
      "resolved": "https://registry.npmjs.org/@fluentui/keyboard-key/-/keyboard-key-0.3.5.tgz",
      "integrity": "sha512-qPNPnRtkC92b8Zjx3mJ6+vRX+pdmbDYcXP8zXb2NJ/briAQXYmyqdjJLUl2riVBcAC4H3cL6dTKLR9VAyqhdYQ==",
      "requires": {
        "tslib": "^2.1.0"
      }
    },
    "@fluentui/merge-styles": {
      "version": "8.2.2",
      "resolved": "https://registry.npmjs.org/@fluentui/merge-styles/-/merge-styles-8.2.2.tgz",
      "integrity": "sha512-sZNwhGyceLBnV/lZyXVJEyEITU97pmNdVvziEcWl6uiWQ6AfNT3NoEw/JQCOIjofP5EL6FFv6lCOo8mktvR1hg==",
      "requires": {
        "@fluentui/set-version": "^8.1.5",
        "tslib": "^2.1.0"
      }
    },
    "@fluentui/react": {
      "version": "8.44.0",
      "resolved": "https://registry.npmjs.org/@fluentui/react/-/react-8.44.0.tgz",
      "integrity": "sha512-SK9eck+R/IuC8Pp9p0JPvOTxXfIu4j+/ptEcAwSoqluvnAcMgBpw9MbHmPHaLbnvh/aSih4rS5nMyj8GCXES2w==",
      "requires": {
        "@fluentui/date-time-utilities": "^8.2.3",
        "@fluentui/font-icons-mdl2": "^8.1.18",
        "@fluentui/foundation-legacy": "^8.1.17",
        "@fluentui/merge-styles": "^8.2.2",
        "@fluentui/react-focus": "^8.3.9",
        "@fluentui/react-hooks": "^8.3.7",
        "@fluentui/react-window-provider": "^2.1.5",
        "@fluentui/set-version": "^8.1.5",
        "@fluentui/style-utilities": "^8.5.0",
        "@fluentui/theme": "^2.4.4",
        "@fluentui/utilities": "^8.3.7",
        "@microsoft/load-themed-styles": "^1.10.26",
        "tslib": "^2.1.0"
      }
    },
    "@fluentui/react-focus": {
      "version": "8.3.9",
      "resolved": "https://registry.npmjs.org/@fluentui/react-focus/-/react-focus-8.3.9.tgz",
      "integrity": "sha512-tw70+HooUdSfzhLxorFtF4ByZ9WBe9mGvQMQgPaxCTJe8UFNxDIMS3eBtn8fCQH0x40j7jaqCJlb6D583a6JxA==",
      "requires": {
        "@fluentui/keyboard-key": "^0.3.5",
        "@fluentui/merge-styles": "^8.2.2",
        "@fluentui/set-version": "^8.1.5",
        "@fluentui/style-utilities": "^8.5.0",
        "@fluentui/utilities": "^8.3.7",
        "tslib": "^2.1.0"
      }
    },
    "@fluentui/react-hooks": {
      "version": "8.3.7",
      "resolved": "https://registry.npmjs.org/@fluentui/react-hooks/-/react-hooks-8.3.7.tgz",
      "integrity": "sha512-dZWuonNc10+r3AsWman+V0cmhV7BVTHx3Mh/lkXfcYJaspnylovTkguQafoKoXhH3BglQQ3llspwu0VM1gJCCg==",
      "requires": {
        "@fluentui/react-window-provider": "^2.1.5",
        "@fluentui/set-version": "^8.1.5",
        "@fluentui/utilities": "^8.3.7",
        "tslib": "^2.1.0"
      }
    },
    "@fluentui/react-window-provider": {
      "version": "2.1.5",
      "resolved": "https://registry.npmjs.org/@fluentui/react-window-provider/-/react-window-provider-2.1.5.tgz",
      "integrity": "sha512-jJduYVHpHNpHuPO/s8wYGmBDLRepgzEiK/206M4JIeY/b+l6YADyUqSBVxT5PENGiyziaz8/bRo8gqVZCyexJg==",
      "requires": {
        "@fluentui/set-version": "^8.1.5",
        "tslib": "^2.1.0"
      }
    },
    "@fluentui/set-version": {
      "version": "8.1.5",
      "resolved": "https://registry.npmjs.org/@fluentui/set-version/-/set-version-8.1.5.tgz",
      "integrity": "sha512-AfaycaduWd/aErqEmrAUWpr2gpZrkaSe6D9noXhtVH3JlreRuFM78Ji1oE4f8cpWxSA/K5qb7BT6x4z4I2Bs+A==",
      "requires": {
        "tslib": "^2.1.0"
      }
    },
    "@fluentui/style-utilities": {
      "version": "8.5.0",
      "resolved": "https://registry.npmjs.org/@fluentui/style-utilities/-/style-utilities-8.5.0.tgz",
      "integrity": "sha512-44nZISxzfXv+Ujvx2wFiojxhdJLjQ3l4ZIfM08REfz8w5prCx1ts8RkXSp0gkp3P9L1uHMMw2Vg0r9YA3h1EaA==",
      "requires": {
        "@fluentui/merge-styles": "^8.2.2",
        "@fluentui/set-version": "^8.1.5",
        "@fluentui/theme": "^2.4.4",
        "@fluentui/utilities": "^8.3.7",
        "@microsoft/load-themed-styles": "^1.10.26",
        "tslib": "^2.1.0"
      }
    },
    "@fluentui/theme": {
      "version": "2.4.4",
      "resolved": "https://registry.npmjs.org/@fluentui/theme/-/theme-2.4.4.tgz",
      "integrity": "sha512-H6EcxQiDdKMbbjFheycKhBZQ84rYC/oFQFWpIfMgn7cH20e/2DqN5YddRL+XGvpXVemzLhEutbVMwohFxsYA2g==",
      "requires": {
        "@fluentui/merge-styles": "^8.2.2",
        "@fluentui/set-version": "^8.1.5",
        "@fluentui/utilities": "^8.3.7",
        "tslib": "^2.1.0"
      }
    },
    "@fluentui/utilities": {
      "version": "8.3.7",
      "resolved": "https://registry.npmjs.org/@fluentui/utilities/-/utilities-8.3.7.tgz",
      "integrity": "sha512-v9guLcPmX79SHUzw0wLU5LaLQiRnov1Ais9Dle6c6Mmicu8emtAb2TfCyhHQYx+Bp0TWHqkUnY6Yfp1U3COzqQ==",
      "requires": {
        "@fluentui/dom-utilities": "^2.1.5",
        "@fluentui/merge-styles": "^8.2.2",
        "@fluentui/set-version": "^8.1.5",
        "tslib": "^2.1.0"
      }
    },
    "@microsoft/load-themed-styles": {
      "version": "1.10.231",
      "resolved": "https://registry.npmjs.org/@microsoft/load-themed-styles/-/load-themed-styles-1.10.231.tgz",
      "integrity": "sha512-F0XkQKGTRrAQJnexI8EARXyuxrNb9YFJbd/2TuTZO8tVKtbr2JhW4WxLoWX6u5VhZetUG5dcsO1LHiRbDWQ/pQ=="
    },
    "axios": {
      "version": "0.24.0",
      "resolved": "https://registry.npmjs.org/axios/-/axios-0.24.0.tgz",
      "integrity": "sha512-Q6cWsys88HoPgAaFAVUb0WpPk0O8iTeisR9IMqy9G8AbO4NlpVknrnQS03zzF9PGAWgO3cgletO3VjV/P7VztA==",
      "requires": {
        "follow-redirects": "^1.14.4"
      }
    },
    "follow-redirects": {
      "version": "1.14.5",
      "resolved": "https://registry.npmjs.org/follow-redirects/-/follow-redirects-1.14.5.tgz",
      "integrity": "sha512-wtphSXy7d4/OR+MvIFbCVBDzZ5520qV8XfPklSN5QtxuMUJZ+b0Wnst1e1lCDocfzuCkHqj8k0FpZqO+UIaKNA=="
    },
    "jwt-decode": {
      "version": "3.1.2",
      "resolved": "https://registry.npmjs.org/jwt-decode/-/jwt-decode-3.1.2.tgz",
      "integrity": "sha512-UfpWE/VZn0iP50d8cz9NrZLM9lSWhcJ+0Gt/nm4by88UL+J1SiKN8/5dkjMmbEzwL2CAe+67GsegCbIKtbp75A=="
    },
    "tslib": {
      "version": "2.3.1",
      "resolved": "https://registry.npmjs.org/tslib/-/tslib-2.3.1.tgz",
      "integrity": "sha512-77EbyPPpMz+FRFRuAFlWMtmgUWGe9UOG2Z25NqCwiIjRhOf5iKGuzSe5P2w1laq+FkRy4p+PCuVkJSGkzTEKVw=="
    }
  }
}
